
Microsoft Visual Studio Solution File, Format Version 12.00
# Visual Studio Version 17
VisualStudioVersion = 17.9.34701.34
MinimumVisualStudioVersion = 10.0.40219.1
Project("{8BC9CEB8-8B4A-11D0-8D11-00A0C91BC942}") = "PR 12-13", "PR 12-13\PR 12-13.vcxproj", "{54AF364C-BA96-4101-A121-E7F8AF3E6749}"
EndProject
Project("{8BC9CEB8-8B4A-11D0-8D11-00A0C91BC942}") = "PR 14-15", "PR 14-15\PR 14-15.vcxproj", "{CD5A76DA-C40C-4EC8-BC26-EDC79DDFCAC6}"
EndProject
Project("{8BC9CEB8-8B4A-11D0-8D11-00A0C91BC942}") = "PR 16-17", "PR 16-17\PR 16-17.vcxproj", "{6451F315-FAFB-4EEB-9C4C-7120A92A63DB}"
EndProject
Global
	GlobalSection(SolutionConfigurationPlatforms) = preSolution
		Debug|x64 = Debug|x64
		Debug|x86 = Debug|x86
		Release|x64 = Release|x64
		Release|x86 = Release|x86
	EndGlobalSection
	GlobalSection(ProjectConfigurationPlatforms) = postSolution
		{54AF364C-BA96-4101-A121-E7F8AF3E6749}.Debug|x64.ActiveCfg = Debug|x64
		{54AF364C-BA96-4101-A121-E7F8AF3E6749}.Debug|x64.Build.0 = Debug|x64
		{54AF364C-BA96-4101-A121-E7F8AF3E6749}.Debug|x86.ActiveCfg = Debug|Win32
		{54AF364C-BA96-4101-A121-E7F8AF3E6749}.Debug|x86.Build.0 = Debug|Win32
		{54AF364C-BA96-4101-A121-E7F8AF3E6749}.Release|x64.ActiveCfg = Release|x64
		{54AF364C-BA96-4101-A121-E7F8AF3E6749}.Release|x64.Build.0 = Release|x64
		{54AF364C-BA96-4101-A121-E7F8AF3E6749}.Release|x86.ActiveCfg = Release|Win32
		{54AF364C-BA96-4101-A121-E7F8AF3E6749}.Release|x86.Build.0 = Release|Win32
		{CD5A76DA-C40C-4EC8-BC26-EDC79DDFCAC6}.Debug|x64.ActiveCfg = Debug|x64
		{CD5A76DA-C40C-4EC8-BC26-EDC79DDFCAC6}.Debug|x64.Build.0 = Debug|x64
		{CD5A76DA-C40C-4EC8-BC26-EDC79DDFCAC6}.Debug|x86.ActiveCfg = Debug|Win32
		{CD5A76DA-C40C-4EC8-BC26-EDC79DDFCAC6}.Debug|x86.Build.0 = Debug|Win32
		{CD5A76DA-C40C-4EC8-BC26-EDC79DDFCAC6}.Release|x64.ActiveCfg = Release|x64
		{CD5A76DA-C40C-4EC8-BC26-EDC79DDFCAC6}.Release|x64.Build.0 = Release|x64
		{CD5A76DA-C40C-4EC8-BC26-EDC79DDFCAC6}.Release|x86.ActiveCfg = Release|Win32
		{CD5A76DA-C40C-4EC8-BC26-EDC79DDFCAC6}.Release|x86.Build.0 = Release|Win32
		{6451F315-FAFB-4EEB-9C4C-7120A92A63DB}.Debug|x64.ActiveCfg = Debug|x64
		{6451F315-FAFB-4EEB-9C4C-7120A92A63DB}.Debug|x64.Build.0 = Debug|x64
		{6451F315-FAFB-4EEB-9C4C-7120A92A63DB}.Debug|x86.ActiveCfg = Debug|Win32
		{6451F315-FAFB-4EEB-9C4C-7120A92A63DB}.Debug|x86.Build.0 = Debug|Win32
		{6451F315-FAFB-4EEB-9C4C-7120A92A63DB}.Release|x64.ActiveCfg = Release|x64
		{6451F315-FAFB-4EEB-9C4C-7120A92A63DB}.Release|x64.Build.0 = Release|x64
		{6451F315-FAFB-4EEB-9C4C-7120A92A63DB}.Release|x86.ActiveCfg = Release|Win32
		{6451F315-FAFB-4EEB-9C4C-7120A92A63DB}.Release|x86.Build.0 = Release|Win32
	EndGlobalSection
	GlobalSection(SolutionProperties) = preSolution
		HideSolutionNode = FALSE
	EndGlobalSection
	GlobalSection(ExtensibilityGlobals) = postSolution
		SolutionGuid = {8C47B4CB-C6EB-448C-B3FA-2F74CAD91325}
	EndGlobalSection
EndGlobal
